// !$*UTF8*$!
{
	archiveVersion = 1;
	classes = {
	};
	objectVersion = 50;
	objects = {

/* Begin PBXBuildFile section */
		057194A1231B660B004D7809 /* AppDelegate.swift in Sources */ = {isa = PBXBuildFile; fileRef = 057194A0231B660B004D7809 /* AppDelegate.swift */; };
		057194A3231B660B004D7809 /* ViewController.swift in Sources */ = {isa = PBXBuildFile; fileRef = 057194A2231B660B004D7809 /* ViewController.swift */; };
		057194A6231B660B004D7809 /* Main.storyboard in Resources */ = {isa = PBXBuildFile; fileRef = 057194A4231B660B004D7809 /* Main.storyboard */; };
		057194A9231B660B004D7809 /* Assignment_1_Final.xcdatamodeld in Sources */ = {isa = PBXBuildFile; fileRef = 057194A7231B660B004D7809 /* Assignment_1_Final.xcdatamodeld */; };
		057194AB231B660C004D7809 /* Assets.xcassets in Resources */ = {isa = PBXBuildFile; fileRef = 057194AA231B660C004D7809 /* Assets.xcassets */; };
		057194AE231B660C004D7809 /* LaunchScreen.storyboard in Resources */ = {isa = PBXBuildFile; fileRef = 057194AC231B660C004D7809 /* LaunchScreen.storyboard */; };
/* End PBXBuildFile section */

/* Begin PBXFileReference section */
		0571949D231B660B004D7809 /* Assignment_1_Final.app */ = {isa = PBXFileReference; explicitFileType = wrapper.application; includeInIndex = 0; path = Assignment_1_Final.app; sourceTree = BUILT_PRODUCTS_DIR; };
		057194A0231B660B004D7809 /* AppDelegate.swift */ = {isa = PBXFileReference; lastKnownFileType = sourcecode.swift; path = AppDelegate.swift; sourceTree = "<group>"; };
		057194A2231B660B004D7809 /* ViewController.swift */ = {isa = PBXFileReference; lastKnownFileType = sourcecode.swift; path = ViewController.swift; sourceTree = "<group>"; };
		057194A5231B660B004D7809 /* Base */ = {isa = PBXFileReference; lastKnownFileType = file.storyboard; name = Base; path = Base.lproj/Main.storyboard; sourceTree = "<group>"; };
		057194A8231B660B004D7809 /* Assignment_1_Final.xcdatamodel */ = {isa = PBXFileReference; lastKnownFileType = wrapper.xcdatamodel; path = Assignment_1_Final.xcdatamodel; sourceTree = "<group>"; };
		057194AA231B660C004D7809 /* Assets.xcassets */ = {isa = PBXFileReference; lastKnownFileType = folder.assetcatalog; path = Assets.xcassets; sourceTree = "<group>"; };
		057194AD231B660C004D7809 /* Base */ = {isa = PBXFileReference; lastKnownFileType = file.storyboard; name = Base; path = Base.lproj/LaunchScreen.storyboard; sourceTree = "<group>"; };
		057194AF231B660C004D7809 /* Info.plist */ = {isa = PBXFileReference; lastKnownFileType = text.plist.xml; path = Info.plist; sourceTree = "<group>"; };
/* End PBXFileReference section */

/* Begin PBXFrameworksBuildPhase section */
		0571949A231B660B004D7809 /* Frameworks */ = {
			isa = PBXFrameworksBuildPhase;
			buildActionMask = 2147483647;
			files = (
			);
			runOnlyForDeploymentPostprocessing = 0;
		};
/* End PBXFrameworksBuildPhase section */

/* Begin PBXGroup section */
		05719494231B660B004D7809 = {
			isa = PBXGroup;
			children = (
				0571949F231B660B004D7809 /* Assignment_1_Final */,
				0571949E231B660B004D7809 /* Products */,
			);
			sourceTree = "<group>";
		};
		0571949E231B660B004D7809 /* Products */ = {
			isa = PBXGroup;
			children = (
				0571949D231B660B004D7809 /* Assignment_1_Final.app */,
			);
			name = Products;
			sourceTree = "<group>";
		};
		0571949F231B660B004D7809 /* Assignment_1_Final */ = {
			isa = PBXGroup;
			children = (
				057194A0231B660B004D7809 /* AppDelegate.swift */,
				057194A2231B660B004D7809 /* ViewController.swift */,
				057194A4231B660B004D7809 /* Main.storyboard */,
				057194AA231B660C004D7809 /* Assets.xcassets */,
				057194AC231B660C004D7809 /* LaunchScreen.storyboard */,
				057194AF231B660C004D7809 /* Info.plist */,
				057194A7231B660B004D7809 /* Assignment_1_Final.xcdatamodeld */,
			);
			path = Assignment_1_Final;
			sourceTree = "<group>";
		};
/* End PBXGroup section */

/* Begin PBXNativeTarget section */
		0571949C231B660B004D7809 /* Assignment_1_Final */ = {
			isa = PBXNativeTarget;
			buildConfigurationList = 057194B2231B660C004D7809 /* Build configuration list for PBXNativeTarget "Assignment_1_Final" */;
			buildPhases = (
				05719499231B660B004D7809 /* Sources */,
				0571949A231B660B004D7809 /* Frameworks */,
				0571949B231B660B004D7809 /* Resources */,
			);
			buildRules = (
			);
			dependencies = (
			);
			name = Assignment_1_Final;
			productName = Assignment_1_Final;
			productReference = 0571949D231B660B004D7809 /* Assignment_1_Final.app */;
			productType = "com.apple.product-type.application";
		};
/* End PBXNativeTarget section */

/* Begin PBXProject section */
		05719495231B660B004D7809 /* Project object */ = {
			isa = PBXProject;
			attributes = {
				LastSwiftUpdateCheck = 1030;
				LastUpgradeCheck = 1030;
				ORGANIZATIONNAME = Monash;
				TargetAttributes = {
					0571949C231B660B004D7809 = {
						CreatedOnToolsVersion = 10.3;
					};
				};
			};
			buildConfigurationList = 05719498231B660B004D7809 /* Build configuration list for PBXProject "Assignment_1_Final" */;
			compatibilityVersion = "Xcode 9.3";
			developmentRegion = en;
			hasScannedForEncodings = 0;
			knownRegions = (
				en,
				Base,
			);
			mainGroup = 05719494231B660B004D7809;
			productRefGroup = 0571949E231B660B004D7809 /* Products */;
			projectDirPath = "";
			projectRoot = "";
			targets = (
				0571949C231B660B004D7809 /* Assignment_1_Final */,
			);
		};
/* End PBXProject section */

/* Begin PBXResourcesBuildPhase section */
		0571949B231B660B004D7809 /* Resources */ = {
			isa = PBXResourcesBuildPhase;
			buildActionMask = 2147483647;
			files = (
				057194AE231B660C004D7809 /* LaunchScreen.storyboard in Resources */,
				057194AB231B660C004D7809 /* Assets.xcassets in Resources */,
				057194A6231B660B004D7809 /* Main.storyboard in Resources */,
			);
			runOnlyForDeploymentPostprocessing = 0;
		};
/* End PBXResourcesBuildPhase section */

/* Begin PBXSourcesBuildPhase section */
		05719499231B660B004D7809 /* Sources */ = {
			isa = PBXSourcesBuildPhase;
			buildActionMask = 2147483647;
			files = (
				057194A3231B660B004D7809 /* ViewController.swift in Sources */,
				057194A1231B660B004D7809 /* AppDelegate.swift in Sources */,
				057194A9231B660B004D7809 /* Assignment_1_Final.xcdatamodeld in Sources */,
			);
			runOnlyForDeploymentPostprocessing = 0;
		};
/* End PBXSourcesBuildPhase section */

/* Begin PBXVariantGroup section */
		057194A4231B660B004D7809 /* Main.storyboard */ = {
			isa = PBXVariantGroup;
			children = (
				057194A5231B660B004D7809 /* Base */,
			);
			name = Main.storyboard;
			sourceTree = "<group>";
		};
		057194AC231B660C004D7809 /* LaunchScreen.storyboard */ = {
			isa = PBXVariantGroup;
			children = (
				057194AD231B660C004D7809 /* Base */,
			);
			name = LaunchScreen.storyboard;
			sourceTree = "<group>";
		};
/* End PBXVariantGroup section */

/* Begin XCBuildConfiguration section */
		057194B0231B660C004D7809 /* Debug */ = {
			isa = XCBuildConfiguration;
			buildSettings = {
				ALWAYS_SEARCH_USER_PATHS = NO;
				CLANG_ANALYZER_NONNULL = YES;
				CLANG_ANALYZER_NUMBER_OBJECT_CONVERSION = YES_AGGRESSIVE;
				CLANG_CXX_LANGUAGE_STANDARD = "gnu++14";
				CLANG_CXX_LIBRARY = "libc++";
				CLANG_ENABLE_MODULES = YES;
				CLANG_ENABLE_OBJC_ARC = YES;
				CLANG_ENABLE_OBJC_WEAK = YES;
				CLANG_WARN_BLOCK_CAPTURE_AUTORELEASING = YES;
				CLANG_WARN_BOOL_CONVERSION = YES;
				CLANG_WARN_COMMA = YES;
				CLANG_WARN_CONSTANT_CONVERSION = YES;
				CLANG_WARN_DEPRECATED_OBJC_IMPLEMENTATIONS = YES;
				CLANG_WARN_DIRECT_OBJC_ISA_USAGE = YES_ERROR;
				CLANG_WARN_DOCUMENTATION_COMMENTS = YES;
				CLANG_WARN_EMPTY_BODY = YES;
				CLANG_WARN_ENUM_CONVERSION = YES;
				CLANG_WARN_INFINITE_RECURSION = YES;
				CLANG_WARN_INT_CONVERSION = YES;
				CLANG_WARN_NON_LITERAL_NULL_CONVERSION = YES;
				CLANG_WARN_OBJC_IMPLICIT_RETAIN_SELF = YES;
				CLANG_WARN_OBJC_LITERAL_CONVERSION = YES;
				CLANG_WARN_OBJC_ROOT_CLASS = YES_ERROR;
				CLANG_WARN_RANGE_LOOP_ANALYSIS = YES;
				CLANG_WARN_STRICT_PROTOTYPES = YES;
				CLANG_WARN_SUSPICIOUS_MOVE = YES;
				CLANG_WARN_UNGUARDED_AVAILABILITY = YES_AGGRESSIVE;
				CLANG_WARN_UNREACHABLE_CODE = YES;
				CLANG_WARN__DUPLICATE_METHOD_MATCH = YES;
				CODE_SIGN_IDENTITY = "iPhone Developer";
				COPY_PHASE_STRIP = NO;
				DEBUG_INFORMATION_FORMAT = dwarf;
				ENABLE_STRICT_OBJC_MSGSEND = YES;
				ENABLE_TESTABILITY = YES;
				GCC_C_LANGUAGE_STANDARD = gnu11;
				GCC_DYNAMIC_NO_PIC = NO;
				GCC_NO_COMMON_BLOCKS = YES;
				GCC_OPTIMIZATION_LEVEL = 0;
				GCC_PREPROCESSOR_DEFINITIONS = (
					"DEBUG=1",
					"$(inherited)",
				);
				GCC_WARN_64_TO_32_BIT_CONVERSION = YES;
				GCC_WARN_ABOUT_RETURN_TYPE = YES_ERROR;
				GCC_WARN_UNDECLARED_SELECTOR = YES;
				GCC_WARN_UNINITIALIZED_AUTOS = YES_AGGRESSIVE;
				GCC_WARN_UNUSED_FUNCTION = YES;
				GCC_WARN_UNUSED_VARIABLE = YES;
				IPHONEOS_DEPLOYMENT_TARGET = 12.4;
				MTL_ENABLE_DEBUG_INFO = INCLUDE_SOURCE;
				MTL_FAST_MATH = YES;
				ONLY_ACTIVE_ARCH = YES;
				SDKROOT = iphoneos;
				SWIFT_ACTIVE_COMPILATION_CONDITIONS = DEBUG;
				SWIFT_OPTIMIZATION_LEVEL = "-Onone";
			};
			name = Debug;
		};
		057194B1231B660C004D7809 /* Release */ = {
			isa = XCBuildConfiguration;
			buildSettings = {
				ALWAYS_SEARCH_USER_PATHS = NO;
				CLANG_ANALYZER_NONNULL = YES;
				CLANG_ANALYZER_NUMBER_OBJECT_CONVERSION = YES_AGGRESSIVE;
				CLANG_CXX_LANGUAGE_STANDARD = "gnu++14";
				CLANG_CXX_LIBRARY = "libc++";
				CLANG_ENABLE_MODULES = YES;
				CLANG_ENABLE_OBJC_ARC = YES;
				CLANG_ENABLE_OBJC_WEAK = YES;
				CLANG_WARN_BLOCK_CAPTURE_AUTORELEASING = YES;
				CLANG_WARN_BOOL_CONVERSION = YES;
				CLANG_WARN_COMMA = YES;
				CLANG_WARN_CONSTANT_CONVERSION = YES;
				CLANG_WARN_DEPRECATED_OBJC_IMPLEMENTATIONS = YES;
				CLANG_WARN_DIRECT_OBJC_ISA_USAGE = YES_ERROR;
				CLANG_WARN_DOCUMENTATION_COMMENTS = YES;
				CLANG_WARN_EMPTY_BODY = YES;
				CLANG_WARN_ENUM_CONVERSION = YES;
				CLANG_WARN_INFINITE_RECURSION = YES;
				CLANG_WARN_INT_CONVERSION = YES;
				CLANG_WARN_NON_LITERAL_NULL_CONVERSION = YES;
				CLANG_WARN_OBJC_IMPLICIT_RETAIN_SELF = YES;
				CLANG_WARN_OBJC_LITERAL_CONVERSION = YES;
				CLANG_WARN_OBJC_ROOT_CLASS = YES_ERROR;
				CLANG_WARN_RANGE_LOOP_ANALYSIS = YES;
				CLANG_WARN_STRICT_PROTOTYPES = YES;
				CLANG_WARN_SUSPICIOUS_MOVE = YES;
				CLANG_WARN_UNGUARDED_AVAILABILITY = YES_AGGRESSIVE;
				CLANG_WARN_UNREACHABLE_CODE = YES;
				CLANG_WARN__DUPLICATE_METHOD_MATCH = YES;
				CODE_SIGN_IDENTITY = "iPhone Developer";
				COPY_PHASE_STRIP = NO;
				DEBUG_INFORMATION_FORMAT = "dwarf-with-dsym";
				ENABLE_NS_ASSERTIONS = NO;
				ENABLE_STRICT_OBJC_MSGSEND = YES;
				GCC_C_LANGUAGE_STANDARD = gnu11;
				GCC_NO_COMMON_BLOCKS = YES;
				GCC_WARN_64_TO_32_BIT_CONVERSION = YES;
				GCC_WARN_ABOUT_RETURN_TYPE = YES_ERROR;
				GCC_WARN_UNDECLARED_SELECTOR = YES;
				GCC_WARN_UNINITIALIZED_AUTOS = YES_AGGRESSIVE;
				GCC_WARN_UNUSED_FUNCTION = YES;
				GCC_WARN_UNUSED_VARIABLE = YES;
				IPHONEOS_DEPLOYMENT_TARGET = 12.4;
				MTL_ENABLE_DEBUG_INFO = NO;
				MTL_FAST_MATH = YES;
				SDKROOT = iphoneos;
				SWIFT_COMPILATION_MODE = wholemodule;
				SWIFT_OPTIMIZATION_LEVEL = "-O";
				VALIDATE_PRODUCT = YES;
			};
			name = Release;
		};
		057194B3231B660C004D7809 /* Debug */ = {
			isa = XCBuildConfiguration;
			buildSettings = {
				ASSETCATALOG_COMPILER_APPICON_NAME = AppIcon;
				CODE_SIGN_STYLE = Automatic;
				DEVELOPMENT_TEAM = Q6CZQQC548;
				INFOPLIST_FILE = Assignment_1_Final/Info.plist;
				LD_RUNPATH_SEARCH_PATHS = (
					"$(inherited)",
					"@executable_path/Frameworks",
				);
				PRODUCT_BUNDLE_IDENTIFIER = "edu.monash.Assignment-1-Final";
				PRODUCT_NAME = "$(TARGET_NAME)";
				SWIFT_VERSION = 5.0;
				TARGETED_DEVICE_FAMILY = "1,2";
			};
			name = Debug;
		};
		057194B4231B660C004D7809 /* Release */ = {
			isa = XCBuildConfiguration;
			buildSettings = {
				ASSETCATALOG_COMPILER_APPICON_NAME = AppIcon;
				CODE_SIGN_STYLE = Automatic;
				DEVELOPMENT_TEAM = Q6CZQQC548;
				INFOPLIST_FILE = Assignment_1_Final/Info.plist;
				LD_RUNPATH_SEARCH_PATHS = (
					"$(inherited)",
					"@executable_path/Frameworks",
				);
				PRODUCT_BUNDLE_IDENTIFIER = "edu.monash.Assignment-1-Final";
				PRODUCT_NAME = "$(TARGET_NAME)";
				SWIFT_VERSION = 5.0;
				TARGETED_DEVICE_FAMILY = "1,2";
			};
			name = Release;
		};
/* End XCBuildConfiguration section */

/* Begin XCConfigurationList section */
		05719498231B660B004D7809 /* Build configuration list for PBXProject "Assignment_1_Final" */ = {
			isa = XCConfigurationList;
			buildConfigurations = (
				057194B0231B660C004D7809 /* Debug */,
				057194B1231B660C004D7809 /* Release */,
			);
			defaultConfigurationIsVisible = 0;
			defaultConfigurationName = Release;
		};
		057194B2231B660C004D7809 /* Build configuration list for PBXNativeTarget "Assignment_1_Final" */ = {
			isa = XCConfigurationList;
			buildConfigurations = (
				057194B3231B660C004D7809 /* Debug */,
				057194B4231B660C004D7809 /* Release */,
			);
			defaultConfigurationIsVisible = 0;
			defaultConfigurationName = Release;
		};
/* End XCConfigurationList section */

/* Begin XCVersionGroup section */
		057194A7231B660B004D7809 /* Assignment_1_Final.xcdatamodeld */ = {
			isa = XCVersionGroup;
			children = (
				057194A8231B660B004D7809 /* Assignment_1_Final.xcdatamodel */,
			);
			currentVersion = 057194A8231B660B004D7809 /* Assignment_1_Final.xcdatamodel */;
			path = Assignment_1_Final.xcdatamodeld;
			sourceTree = "<group>";
			versionGroupType = wrapper.xcdatamodel;
		};
/* End XCVersionGroup section */
	};
	rootObject = 05719495231B660B004D7809 /* Project object */;
}
